// !$*UTF8*$!
{
	archiveVersion = 1;
	classes = {
	};
	objectVersion = 50;
	objects = {

/* Begin PBXBuildFile section */
		200540F626D73066001780D9 /* Extensions.swift in Sources */ = {isa = PBXBuildFile; fileRef = 200540F526D73066001780D9 /* Extensions.swift */; };
		200540F826D734E6001780D9 /* SudokuController.swift in Sources */ = {isa = PBXBuildFile; fileRef = 200540F726D734E6001780D9 /* SudokuController.swift */; };
		200540FA26D825BC001780D9 /* SudokuConstants.swift in Sources */ = {isa = PBXBuildFile; fileRef = 200540F926D825BC001780D9 /* SudokuConstants.swift */; };
		200540FC26D82A81001780D9 /* NumberUsageView.swift in Sources */ = {isa = PBXBuildFile; fileRef = 200540FB26D82A81001780D9 /* NumberUsageView.swift */; };
		20C4A9282641C5CD009B0657 /* SudokuApp.swift in Sources */ = {isa = PBXBuildFile; fileRef = 20C4A9272641C5CD009B0657 /* SudokuApp.swift */; };
		20C4A92A2641C5CD009B0657 /* ContentView.swift in Sources */ = {isa = PBXBuildFile; fileRef = 20C4A9292641C5CD009B0657 /* ContentView.swift */; };
		20C4A92C2641C5CE009B0657 /* Assets.xcassets in Resources */ = {isa = PBXBuildFile; fileRef = 20C4A92B2641C5CE009B0657 /* Assets.xcassets */; };
		20C4A92F2641C5CE009B0657 /* Preview Assets.xcassets in Resources */ = {isa = PBXBuildFile; fileRef = 20C4A92E2641C5CE009B0657 /* Preview Assets.xcassets */; };
		20C4A9372641C5F4009B0657 /* CellModel.swift in Sources */ = {isa = PBXBuildFile; fileRef = 20C4A9362641C5F4009B0657 /* CellModel.swift */; };
		20C4A9392641C73A009B0657 /* SudokuViewModel.swift in Sources */ = {isa = PBXBuildFile; fileRef = 20C4A9382641C73A009B0657 /* SudokuViewModel.swift */; };
		20C4A93B2641DD0A009B0657 /* SudokuState.swift in Sources */ = {isa = PBXBuildFile; fileRef = 20C4A93A2641DD0A009B0657 /* SudokuState.swift */; };
		20C4A93D26422A69009B0657 /* CellViewModel.swift in Sources */ = {isa = PBXBuildFile; fileRef = 20C4A93C26422A69009B0657 /* CellViewModel.swift */; };
		20C4A93F26434317009B0657 /* CellAttribute.swift in Sources */ = {isa = PBXBuildFile; fileRef = 20C4A93E26434317009B0657 /* CellAttribute.swift */; };
		20C4A948264584F8009B0657 /* SudokuStateTests.swift in Sources */ = {isa = PBXBuildFile; fileRef = 20C4A947264584F8009B0657 /* SudokuStateTests.swift */; };
		20C4A9522645D8E8009B0657 /* SudokuViewModelTests.swift in Sources */ = {isa = PBXBuildFile; fileRef = 20C4A9512645D8E8009B0657 /* SudokuViewModelTests.swift */; };
		20C4A9542645E910009B0657 /* puzzles.json in Resources */ = {isa = PBXBuildFile; fileRef = 20C4A9532645E910009B0657 /* puzzles.json */; };
		20C4A95626473157009B0657 /* SudokuGridView.swift in Sources */ = {isa = PBXBuildFile; fileRef = 20C4A95526473157009B0657 /* SudokuGridView.swift */; };
		20C4A958264732BA009B0657 /* SudokuCellView.swift in Sources */ = {isa = PBXBuildFile; fileRef = 20C4A957264732BA009B0657 /* SudokuCellView.swift */; };
		20C4A95D26484933009B0657 /* CellBackground.swift in Sources */ = {isa = PBXBuildFile; fileRef = 20C4A95C26484933009B0657 /* CellBackground.swift */; };
		20F99452264B1DC500E70461 /* PuzzleIterator.swift in Sources */ = {isa = PBXBuildFile; fileRef = 20F99451264B1DC500E70461 /* PuzzleIterator.swift */; };
/* End PBXBuildFile section */

/* Begin PBXContainerItemProxy section */
		20C4A94A264584F8009B0657 /* PBXContainerItemProxy */ = {
			isa = PBXContainerItemProxy;
			containerPortal = 20C4A91C2641C5CD009B0657 /* Project object */;
			proxyType = 1;
			remoteGlobalIDString = 20C4A9232641C5CD009B0657;
			remoteInfo = Sudoku;
		};
/* End PBXContainerItemProxy section */

/* Begin PBXFileReference section */
		200540F526D73066001780D9 /* Extensions.swift */ = {isa = PBXFileReference; lastKnownFileType = sourcecode.swift; path = Extensions.swift; sourceTree = "<group>"; };
		200540F726D734E6001780D9 /* SudokuController.swift */ = {isa = PBXFileReference; lastKnownFileType = sourcecode.swift; path = SudokuController.swift; sourceTree = "<group>"; };
		200540F926D825BC001780D9 /* SudokuConstants.swift */ = {isa = PBXFileReference; lastKnownFileType = sourcecode.swift; path = SudokuConstants.swift; sourceTree = "<group>"; };
		200540FB26D82A81001780D9 /* NumberUsageView.swift */ = {isa = PBXFileReference; lastKnownFileType = sourcecode.swift; path = NumberUsageView.swift; sourceTree = "<group>"; };
		20C4A9242641C5CD009B0657 /* Sudoku.app */ = {isa = PBXFileReference; explicitFileType = wrapper.application; includeInIndex = 0; path = Sudoku.app; sourceTree = BUILT_PRODUCTS_DIR; };
		20C4A9272641C5CD009B0657 /* SudokuApp.swift */ = {isa = PBXFileReference; lastKnownFileType = sourcecode.swift; path = SudokuApp.swift; sourceTree = "<group>"; };
		20C4A9292641C5CD009B0657 /* ContentView.swift */ = {isa = PBXFileReference; lastKnownFileType = sourcecode.swift; path = ContentView.swift; sourceTree = "<group>"; };
		20C4A92B2641C5CE009B0657 /* Assets.xcassets */ = {isa = PBXFileReference; lastKnownFileType = folder.assetcatalog; path = Assets.xcassets; sourceTree = "<group>"; };
		20C4A92E2641C5CE009B0657 /* Preview Assets.xcassets */ = {isa = PBXFileReference; lastKnownFileType = folder.assetcatalog; path = "Preview Assets.xcassets"; sourceTree = "<group>"; };
		20C4A9302641C5CE009B0657 /* Info.plist */ = {isa = PBXFileReference; lastKnownFileType = text.plist.xml; path = Info.plist; sourceTree = "<group>"; };
		20C4A9362641C5F4009B0657 /* CellModel.swift */ = {isa = PBXFileReference; lastKnownFileType = sourcecode.swift; path = CellModel.swift; sourceTree = "<group>"; };
		20C4A9382641C73A009B0657 /* SudokuViewModel.swift */ = {isa = PBXFileReference; lastKnownFileType = sourcecode.swift; path = SudokuViewModel.swift; sourceTree = "<group>"; };
		20C4A93A2641DD0A009B0657 /* SudokuState.swift */ = {isa = PBXFileReference; lastKnownFileType = sourcecode.swift; path = SudokuState.swift; sourceTree = "<group>"; };
		20C4A93C26422A69009B0657 /* CellViewModel.swift */ = {isa = PBXFileReference; lastKnownFileType = sourcecode.swift; path = CellViewModel.swift; sourceTree = "<group>"; };
		20C4A93E26434317009B0657 /* CellAttribute.swift */ = {isa = PBXFileReference; lastKnownFileType = sourcecode.swift; path = CellAttribute.swift; sourceTree = "<group>"; };
		20C4A945264584F8009B0657 /* SudokuTests.xctest */ = {isa = PBXFileReference; explicitFileType = wrapper.cfbundle; includeInIndex = 0; path = SudokuTests.xctest; sourceTree = BUILT_PRODUCTS_DIR; };
		20C4A947264584F8009B0657 /* SudokuStateTests.swift */ = {isa = PBXFileReference; lastKnownFileType = sourcecode.swift; path = SudokuStateTests.swift; sourceTree = "<group>"; };
		20C4A949264584F8009B0657 /* Info.plist */ = {isa = PBXFileReference; lastKnownFileType = text.plist.xml; path = Info.plist; sourceTree = "<group>"; };
		20C4A9512645D8E8009B0657 /* SudokuViewModelTests.swift */ = {isa = PBXFileReference; lastKnownFileType = sourcecode.swift; path = SudokuViewModelTests.swift; sourceTree = "<group>"; };
		20C4A9532645E910009B0657 /* puzzles.json */ = {isa = PBXFileReference; lastKnownFileType = text.json; path = puzzles.json; sourceTree = "<group>"; };
		20C4A95526473157009B0657 /* SudokuGridView.swift */ = {isa = PBXFileReference; lastKnownFileType = sourcecode.swift; path = SudokuGridView.swift; sourceTree = "<group>"; };
		20C4A957264732BA009B0657 /* SudokuCellView.swift */ = {isa = PBXFileReference; lastKnownFileType = sourcecode.swift; path = SudokuCellView.swift; sourceTree = "<group>"; };
		20C4A95C26484933009B0657 /* CellBackground.swift */ = {isa = PBXFileReference; lastKnownFileType = sourcecode.swift; path = CellBackground.swift; sourceTree = "<group>"; };
		20F99451264B1DC500E70461 /* PuzzleIterator.swift */ = {isa = PBXFileReference; lastKnownFileType = sourcecode.swift; path = PuzzleIterator.swift; sourceTree = "<group>"; };
/* End PBXFileReference section */

/* Begin PBXFrameworksBuildPhase section */
		20C4A9212641C5CD009B0657 /* Frameworks */ = {
			isa = PBXFrameworksBuildPhase;
			buildActionMask = 2147483647;
			files = (
			);
			runOnlyForDeploymentPostprocessing = 0;
		};
		20C4A942264584F8009B0657 /* Frameworks */ = {
			isa = PBXFrameworksBuildPhase;
			buildActionMask = 2147483647;
			files = (
			);
			runOnlyForDeploymentPostprocessing = 0;
		};
/* End PBXFrameworksBuildPhase section */

/* Begin PBXGroup section */
		20C4A91B2641C5CD009B0657 = {
			isa = PBXGroup;
			children = (
				20C4A9262641C5CD009B0657 /* Sudoku */,
				20C4A946264584F8009B0657 /* SudokuTests */,
				20C4A9252641C5CD009B0657 /* Products */,
			);
			sourceTree = "<group>";
		};
		20C4A9252641C5CD009B0657 /* Products */ = {
			isa = PBXGroup;
			children = (
				20C4A9242641C5CD009B0657 /* Sudoku.app */,
				20C4A945264584F8009B0657 /* SudokuTests.xctest */,
			);
			name = Products;
			sourceTree = "<group>";
		};
		20C4A9262641C5CD009B0657 /* Sudoku */ = {
			isa = PBXGroup;
			children = (
				20C4A9302641C5CE009B0657 /* Info.plist */,
				200540F526D73066001780D9 /* Extensions.swift */,
				20C4A9272641C5CD009B0657 /* SudokuApp.swift */,
				200540F726D734E6001780D9 /* SudokuController.swift */,
				200540F926D825BC001780D9 /* SudokuConstants.swift */,
				20C4A92B2641C5CE009B0657 /* Assets.xcassets */,
				20C4A95A264736AE009B0657 /* Data */,
				20C4A95B26484918009B0657 /* Models */,
				20C4A92D2641C5CE009B0657 /* Preview Content */,
				20F9944C264B1CEA00E70461 /* ViewModels */,
				20C4A9592647364F009B0657 /* Views */,
			);
			path = Sudoku;
			sourceTree = "<group>";
		};
		20C4A92D2641C5CE009B0657 /* Preview Content */ = {
			isa = PBXGroup;
			children = (
				20C4A92E2641C5CE009B0657 /* Preview Assets.xcassets */,
			);
			path = "Preview Content";
			sourceTree = "<group>";
		};
		20C4A946264584F8009B0657 /* SudokuTests */ = {
			isa = PBXGroup;
			children = (
				20C4A947264584F8009B0657 /* SudokuStateTests.swift */,
				20C4A9512645D8E8009B0657 /* SudokuViewModelTests.swift */,
				20C4A949264584F8009B0657 /* Info.plist */,
			);
			path = SudokuTests;
			sourceTree = "<group>";
		};
		20C4A9592647364F009B0657 /* Views */ = {
			isa = PBXGroup;
			children = (
				20C4A9292641C5CD009B0657 /* ContentView.swift */,
				200540FB26D82A81001780D9 /* NumberUsageView.swift */,
				20C4A957264732BA009B0657 /* SudokuCellView.swift */,
				20C4A95526473157009B0657 /* SudokuGridView.swift */,
			);
			path = Views;
			sourceTree = "<group>";
		};
		20C4A95A264736AE009B0657 /* Data */ = {
			isa = PBXGroup;
			children = (
				20C4A9532645E910009B0657 /* puzzles.json */,
				20F99451264B1DC500E70461 /* PuzzleIterator.swift */,
			);
			path = Data;
			sourceTree = "<group>";
		};
		20C4A95B26484918009B0657 /* Models */ = {
			isa = PBXGroup;
			children = (
				20C4A93E26434317009B0657 /* CellAttribute.swift */,
				20C4A95C26484933009B0657 /* CellBackground.swift */,
				20C4A9362641C5F4009B0657 /* CellModel.swift */,
				20C4A93A2641DD0A009B0657 /* SudokuState.swift */,
			);
			path = Models;
			sourceTree = "<group>";
		};
		20F9944C264B1CEA00E70461 /* ViewModels */ = {
			isa = PBXGroup;
			children = (
				20C4A93C26422A69009B0657 /* CellViewModel.swift */,
				20C4A9382641C73A009B0657 /* SudokuViewModel.swift */,
			);
			path = ViewModels;
			sourceTree = "<group>";
		};
/* End PBXGroup section */

/* Begin PBXNativeTarget section */
		20C4A9232641C5CD009B0657 /* Sudoku */ = {
			isa = PBXNativeTarget;
			buildConfigurationList = 20C4A9332641C5CE009B0657 /* Build configuration list for PBXNativeTarget "Sudoku" */;
			buildPhases = (
				20C4A9202641C5CD009B0657 /* Sources */,
				20C4A9212641C5CD009B0657 /* Frameworks */,
				20C4A9222641C5CD009B0657 /* Resources */,
				20C4A9402643470F009B0657 /* ShellScript */,
			);
			buildRules = (
			);
			dependencies = (
			);
			name = Sudoku;
			productName = Sudoku;
			productReference = 20C4A9242641C5CD009B0657 /* Sudoku.app */;
			productType = "com.apple.product-type.application";
		};
		20C4A944264584F8009B0657 /* SudokuTests */ = {
			isa = PBXNativeTarget;
			buildConfigurationList = 20C4A94C264584F8009B0657 /* Build configuration list for PBXNativeTarget "SudokuTests" */;
			buildPhases = (
				20C4A941264584F8009B0657 /* Sources */,
				20C4A942264584F8009B0657 /* Frameworks */,
				20C4A943264584F8009B0657 /* Resources */,
			);
			buildRules = (
			);
			dependencies = (
				20C4A94B264584F8009B0657 /* PBXTargetDependency */,
			);
			name = SudokuTests;
			productName = SudokuTests;
			productReference = 20C4A945264584F8009B0657 /* SudokuTests.xctest */;
			productType = "com.apple.product-type.bundle.unit-test";
		};
/* End PBXNativeTarget section */

/* Begin PBXProject section */
		20C4A91C2641C5CD009B0657 /* Project object */ = {
			isa = PBXProject;
			attributes = {
				LastSwiftUpdateCheck = 1250;
				LastUpgradeCheck = 1250;
				TargetAttributes = {
					20C4A9232641C5CD009B0657 = {
						CreatedOnToolsVersion = 12.5;
					};
					20C4A944264584F8009B0657 = {
						CreatedOnToolsVersion = 12.5;
						TestTargetID = 20C4A9232641C5CD009B0657;
					};
				};
			};
			buildConfigurationList = 20C4A91F2641C5CD009B0657 /* Build configuration list for PBXProject "Sudoku" */;
			compatibilityVersion = "Xcode 9.3";
			developmentRegion = en;
			hasScannedForEncodings = 0;
			knownRegions = (
				en,
				Base,
			);
			mainGroup = 20C4A91B2641C5CD009B0657;
			productRefGroup = 20C4A9252641C5CD009B0657 /* Products */;
			projectDirPath = "";
			projectRoot = "";
			targets = (
				20C4A9232641C5CD009B0657 /* Sudoku */,
				20C4A944264584F8009B0657 /* SudokuTests */,
			);
		};
/* End PBXProject section */

/* Begin PBXResourcesBuildPhase section */
		20C4A9222641C5CD009B0657 /* Resources */ = {
			isa = PBXResourcesBuildPhase;
			buildActionMask = 2147483647;
			files = (
				20C4A92F2641C5CE009B0657 /* Preview Assets.xcassets in Resources */,
				20C4A92C2641C5CE009B0657 /* Assets.xcassets in Resources */,
				20C4A9542645E910009B0657 /* puzzles.json in Resources */,
			);
			runOnlyForDeploymentPostprocessing = 0;
		};
		20C4A943264584F8009B0657 /* Resources */ = {
			isa = PBXResourcesBuildPhase;
			buildActionMask = 2147483647;
			files = (
			);
			runOnlyForDeploymentPostprocessing = 0;
		};
/* End PBXResourcesBuildPhase section */

/* Begin PBXShellScriptBuildPhase section */
		20C4A9402643470F009B0657 /* ShellScript */ = {
			isa = PBXShellScriptBuildPhase;
			buildActionMask = 2147483647;
			files = (
			);
			inputFileListPaths = (
			);
			inputPaths = (
			);
			outputFileListPaths = (
			);
			outputPaths = (
			);
			runOnlyForDeploymentPostprocessing = 0;
			shellPath = /bin/sh;
			shellScript = "if which swiftlint >/dev/null; then\n  swiftlint\nelse\n  echo \"warning: SwiftLint not installed, download from https://github.com/realm/SwiftLint\"\nfi\n";
		};
/* End PBXShellScriptBuildPhase section */

/* Begin PBXSourcesBuildPhase section */
		20C4A9202641C5CD009B0657 /* Sources */ = {
			isa = PBXSourcesBuildPhase;
			buildActionMask = 2147483647;
			files = (
				200540FC26D82A81001780D9 /* NumberUsageView.swift in Sources */,
				200540FA26D825BC001780D9 /* SudokuConstants.swift in Sources */,
				200540F826D734E6001780D9 /* SudokuController.swift in Sources */,
				20C4A92A2641C5CD009B0657 /* ContentView.swift in Sources */,
				20C4A9282641C5CD009B0657 /* SudokuApp.swift in Sources */,
				20C4A95626473157009B0657 /* SudokuGridView.swift in Sources */,
				20C4A95D26484933009B0657 /* CellBackground.swift in Sources */,
				20C4A9372641C5F4009B0657 /* CellModel.swift in Sources */,
				20C4A93F26434317009B0657 /* CellAttribute.swift in Sources */,
				20C4A9392641C73A009B0657 /* SudokuViewModel.swift in Sources */,
				20F99452264B1DC500E70461 /* PuzzleIterator.swift in Sources */,
				200540F626D73066001780D9 /* Extensions.swift in Sources */,
				20C4A958264732BA009B0657 /* SudokuCellView.swift in Sources */,
				20C4A93D26422A69009B0657 /* CellViewModel.swift in Sources */,
				20C4A93B2641DD0A009B0657 /* SudokuState.swift in Sources */,
			);
			runOnlyForDeploymentPostprocessing = 0;
		};
		20C4A941264584F8009B0657 /* Sources */ = {
			isa = PBXSourcesBuildPhase;
			buildActionMask = 2147483647;
			files = (
				20C4A948264584F8009B0657 /* SudokuStateTests.swift in Sources */,
				20C4A9522645D8E8009B0657 /* SudokuViewModelTests.swift in Sources */,
			);
			runOnlyForDeploymentPostprocessing = 0;
		};
/* End PBXSourcesBuildPhase section */

/* Begin PBXTargetDependency section */
		20C4A94B264584F8009B0657 /* PBXTargetDependency */ = {
			isa = PBXTargetDependency;
			target = 20C4A9232641C5CD009B0657 /* Sudoku */;
			targetProxy = 20C4A94A264584F8009B0657 /* PBXContainerItemProxy */;
		};
/* End PBXTargetDependency section */

/* Begin XCBuildConfiguration section */
		20C4A9312641C5CE009B0657 /* Debug */ = {
			isa = XCBuildConfiguration;
			buildSettings = {
				ALWAYS_SEARCH_USER_PATHS = NO;
				CLANG_ANALYZER_NONNULL = YES;
				CLANG_ANALYZER_NUMBER_OBJECT_CONVERSION = YES_AGGRESSIVE;
				CLANG_CXX_LANGUAGE_STANDARD = "gnu++14";
				CLANG_CXX_LIBRARY = "libc++";
				CLANG_ENABLE_MODULES = YES;
				CLANG_ENABLE_OBJC_ARC = YES;
				CLANG_ENABLE_OBJC_WEAK = YES;
				CLANG_WARN_BLOCK_CAPTURE_AUTORELEASING = YES;
				CLANG_WARN_BOOL_CONVERSION = YES;
				CLANG_WARN_COMMA = YES;
				CLANG_WARN_CONSTANT_CONVERSION = YES;
				CLANG_WARN_DEPRECATED_OBJC_IMPLEMENTATIONS = YES;
				CLANG_WARN_DIRECT_OBJC_ISA_USAGE = YES_ERROR;
				CLANG_WARN_DOCUMENTATION_COMMENTS = YES;
				CLANG_WARN_EMPTY_BODY = YES;
				CLANG_WARN_ENUM_CONVERSION = YES;
				CLANG_WARN_INFINITE_RECURSION = YES;
				CLANG_WARN_INT_CONVERSION = YES;
				CLANG_WARN_NON_LITERAL_NULL_CONVERSION = YES;
				CLANG_WARN_OBJC_IMPLICIT_RETAIN_SELF = YES;
				CLANG_WARN_OBJC_LITERAL_CONVERSION = YES;
				CLANG_WARN_OBJC_ROOT_CLASS = YES_ERROR;
				CLANG_WARN_QUOTED_INCLUDE_IN_FRAMEWORK_HEADER = YES;
				CLANG_WARN_RANGE_LOOP_ANALYSIS = YES;
				CLANG_WARN_STRICT_PROTOTYPES = YES;
				CLANG_WARN_SUSPICIOUS_MOVE = YES;
				CLANG_WARN_UNGUARDED_AVAILABILITY = YES_AGGRESSIVE;
				CLANG_WARN_UNREACHABLE_CODE = YES;
				CLANG_WARN__DUPLICATE_METHOD_MATCH = YES;
				COPY_PHASE_STRIP = NO;
				DEBUG_INFORMATION_FORMAT = dwarf;
				ENABLE_STRICT_OBJC_MSGSEND = YES;
				ENABLE_TESTABILITY = YES;
				GCC_C_LANGUAGE_STANDARD = gnu11;
				GCC_DYNAMIC_NO_PIC = NO;
				GCC_NO_COMMON_BLOCKS = YES;
				GCC_OPTIMIZATION_LEVEL = 0;
				GCC_PREPROCESSOR_DEFINITIONS = (
					"DEBUG=1",
					"$(inherited)",
				);
				GCC_WARN_64_TO_32_BIT_CONVERSION = YES;
				GCC_WARN_ABOUT_RETURN_TYPE = YES_ERROR;
				GCC_WARN_UNDECLARED_SELECTOR = YES;
				GCC_WARN_UNINITIALIZED_AUTOS = YES_AGGRESSIVE;
				GCC_WARN_UNUSED_FUNCTION = YES;
				GCC_WARN_UNUSED_VARIABLE = YES;
				IPHONEOS_DEPLOYMENT_TARGET = 14.5;
				MTL_ENABLE_DEBUG_INFO = INCLUDE_SOURCE;
				MTL_FAST_MATH = YES;
				ONLY_ACTIVE_ARCH = YES;
				SDKROOT = iphoneos;
				SWIFT_ACTIVE_COMPILATION_CONDITIONS = DEBUG;
				SWIFT_OPTIMIZATION_LEVEL = "-Onone";
			};
			name = Debug;
		};
		20C4A9322641C5CE009B0657 /* Release */ = {
			isa = XCBuildConfiguration;
			buildSettings = {
				ALWAYS_SEARCH_USER_PATHS = NO;
				CLANG_ANALYZER_NONNULL = YES;
				CLANG_ANALYZER_NUMBER_OBJECT_CONVERSION = YES_AGGRESSIVE;
				CLANG_CXX_LANGUAGE_STANDARD = "gnu++14";
				CLANG_CXX_LIBRARY = "libc++";
				CLANG_ENABLE_MODULES = YES;
				CLANG_ENABLE_OBJC_ARC = YES;
				CLANG_ENABLE_OBJC_WEAK = YES;
				CLANG_WARN_BLOCK_CAPTURE_AUTORELEASING = YES;
				CLANG_WARN_BOOL_CONVERSION = YES;
				CLANG_WARN_COMMA = YES;
				CLANG_WARN_CONSTANT_CONVERSION = YES;
				CLANG_WARN_DEPRECATED_OBJC_IMPLEMENTATIONS = YES;
				CLANG_WARN_DIRECT_OBJC_ISA_USAGE = YES_ERROR;
				CLANG_WARN_DOCUMENTATION_COMMENTS = YES;
				CLANG_WARN_EMPTY_BODY = YES;
				CLANG_WARN_ENUM_CONVERSION = YES;
				CLANG_WARN_INFINITE_RECURSION = YES;
				CLANG_WARN_INT_CONVERSION = YES;
				CLANG_WARN_NON_LITERAL_NULL_CONVERSION = YES;
				CLANG_WARN_OBJC_IMPLICIT_RETAIN_SELF = YES;
				CLANG_WARN_OBJC_LITERAL_CONVERSION = YES;
				CLANG_WARN_OBJC_ROOT_CLASS = YES_ERROR;
				CLANG_WARN_QUOTED_INCLUDE_IN_FRAMEWORK_HEADER = YES;
				CLANG_WARN_RANGE_LOOP_ANALYSIS = YES;
				CLANG_WARN_STRICT_PROTOTYPES = YES;
				CLANG_WARN_SUSPICIOUS_MOVE = YES;
				CLANG_WARN_UNGUARDED_AVAILABILITY = YES_AGGRESSIVE;
				CLANG_WARN_UNREACHABLE_CODE = YES;
				CLANG_WARN__DUPLICATE_METHOD_MATCH = YES;
				COPY_PHASE_STRIP = NO;
				DEBUG_INFORMATION_FORMAT = "dwarf-with-dsym";
				ENABLE_NS_ASSERTIONS = NO;
				ENABLE_STRICT_OBJC_MSGSEND = YES;
				GCC_C_LANGUAGE_STANDARD = gnu11;
				GCC_NO_COMMON_BLOCKS = YES;
				GCC_WARN_64_TO_32_BIT_CONVERSION = YES;
				GCC_WARN_ABOUT_RETURN_TYPE = YES_ERROR;
				GCC_WARN_UNDECLARED_SELECTOR = YES;
				GCC_WARN_UNINITIALIZED_AUTOS = YES_AGGRESSIVE;
				GCC_WARN_UNUSED_FUNCTION = YES;
				GCC_WARN_UNUSED_VARIABLE = YES;
				IPHONEOS_DEPLOYMENT_TARGET = 14.5;
				MTL_ENABLE_DEBUG_INFO = NO;
				MTL_FAST_MATH = YES;
				SDKROOT = iphoneos;
				SWIFT_COMPILATION_MODE = wholemodule;
				SWIFT_OPTIMIZATION_LEVEL = "-O";
				VALIDATE_PRODUCT = YES;
			};
			name = Release;
		};
		20C4A9342641C5CE009B0657 /* Debug */ = {
			isa = XCBuildConfiguration;
			buildSettings = {
				ASSETCATALOG_COMPILER_APPICON_NAME = AppIcon;
				ASSETCATALOG_COMPILER_GLOBAL_ACCENT_COLOR_NAME = AccentColor;
				CODE_SIGN_STYLE = Automatic;
				DEVELOPMENT_ASSET_PATHS = "\"Sudoku/Preview Content\"";
				DEVELOPMENT_TEAM = BGR2CU5KFK;
				ENABLE_PREVIEWS = YES;
				INFOPLIST_FILE = Sudoku/Info.plist;
				IPHONEOS_DEPLOYMENT_TARGET = 14.0;
				LD_RUNPATH_SEARCH_PATHS = (
					"$(inherited)",
					"@executable_path/Frameworks",
				);
				PRODUCT_BUNDLE_IDENTIFIER = blacklabs.Sudoku;
				PRODUCT_NAME = "$(TARGET_NAME)";
				SWIFT_VERSION = 5.0;
				TARGETED_DEVICE_FAMILY = "1,2";
			};
			name = Debug;
		};
		20C4A9352641C5CE009B0657 /* Release */ = {
			isa = XCBuildConfiguration;
			buildSettings = {
				ASSETCATALOG_COMPILER_APPICON_NAME = AppIcon;
				ASSETCATALOG_COMPILER_GLOBAL_ACCENT_COLOR_NAME = AccentColor;
				CODE_SIGN_STYLE = Automatic;
				DEVELOPMENT_ASSET_PATHS = "\"Sudoku/Preview Content\"";
				DEVELOPMENT_TEAM = BGR2CU5KFK;
				ENABLE_PREVIEWS = YES;
				INFOPLIST_FILE = Sudoku/Info.plist;
				IPHONEOS_DEPLOYMENT_TARGET = 14.0;
				LD_RUNPATH_SEARCH_PATHS = (
					"$(inherited)",
					"@executable_path/Frameworks",
				);
				PRODUCT_BUNDLE_IDENTIFIER = blacklabs.Sudoku;
				PRODUCT_NAME = "$(TARGET_NAME)";
				SWIFT_VERSION = 5.0;
				TARGETED_DEVICE_FAMILY = "1,2";
			};
			name = Release;
		};
		20C4A94D264584F8009B0657 /* Debug */ = {
			isa = XCBuildConfiguration;
			buildSettings = {
				BUNDLE_LOADER = "$(TEST_HOST)";
				CODE_SIGN_STYLE = Automatic;
				DEVELOPMENT_TEAM = BGR2CU5KFK;
				INFOPLIST_FILE = SudokuTests/Info.plist;
				LD_RUNPATH_SEARCH_PATHS = (
					"$(inherited)",
					"@executable_path/Frameworks",
					"@loader_path/Frameworks",
				);
				PRODUCT_BUNDLE_IDENTIFIER = blacklabs.SudokuTests;
				PRODUCT_NAME = "$(TARGET_NAME)";
				SWIFT_VERSION = 5.0;
				TARGETED_DEVICE_FAMILY = "1,2";
				TEST_HOST = "$(BUILT_PRODUCTS_DIR)/Sudoku.app/Sudoku";
			};
			name = Debug;
		};
		20C4A94E264584F8009B0657 /* Release */ = {
			isa = XCBuildConfiguration;
			buildSettings = {
				BUNDLE_LOADER = "$(TEST_HOST)";
				CODE_SIGN_STYLE = Automatic;
				DEVELOPMENT_TEAM = BGR2CU5KFK;
				INFOPLIST_FILE = SudokuTests/Info.plist;
				LD_RUNPATH_SEARCH_PATHS = (
					"$(inherited)",
					"@executable_path/Frameworks",
					"@loader_path/Frameworks",
				);
				PRODUCT_BUNDLE_IDENTIFIER = blacklabs.SudokuTests;
				PRODUCT_NAME = "$(TARGET_NAME)";
				SWIFT_VERSION = 5.0;
				TARGETED_DEVICE_FAMILY = "1,2";
				TEST_HOST = "$(BUILT_PRODUCTS_DIR)/Sudoku.app/Sudoku";
			};
			name = Release;
		};
/* End XCBuildConfiguration section */

/* Begin XCConfigurationList section */
		20C4A91F2641C5CD009B0657 /* Build configuration list for PBXProject "Sudoku" */ = {
			isa = XCConfigurationList;
			buildConfigurations = (
				20C4A9312641C5CE009B0657 /* Debug */,
				20C4A9322641C5CE009B0657 /* Release */,
			);
			defaultConfigurationIsVisible = 0;
			defaultConfigurationName = Release;
		};
		20C4A9332641C5CE009B0657 /* Build configuration list for PBXNativeTarget "Sudoku" */ = {
			isa = XCConfigurationList;
			buildConfigurations = (
				20C4A9342641C5CE009B0657 /* Debug */,
				20C4A9352641C5CE009B0657 /* Release */,
			);
			defaultConfigurationIsVisible = 0;
			defaultConfigurationName = Release;
		};
		20C4A94C264584F8009B0657 /* Build configuration list for PBXNativeTarget "SudokuTests" */ = {
			isa = XCConfigurationList;
			buildConfigurations = (
				20C4A94D264584F8009B0657 /* Debug */,
				20C4A94E264584F8009B0657 /* Release */,
			);
			defaultConfigurationIsVisible = 0;
			defaultConfigurationName = Release;
		};
/* End XCConfigurationList section */
	};
	rootObject = 20C4A91C2641C5CD009B0657 /* Project object */;
}
